
Microsoft Visual Studio Solution File, Format Version 12.00
# Visual Studio Version 17
VisualStudioVersion = 17.1.32328.378
MinimumVisualStudioVersion = 10.0.40219.1
Project("{9A19103F-16F7-4668-BE54-9A1E7A4F7556}") = "LinkedListProgram", "Day14_DataStructures\LinkedListProgram.csproj", "{6F917608-F5C2-4ECC-87A1-E90F7CB80C44}"
EndProject
Project("{9A19103F-16F7-4668-BE54-9A1E7A4F7556}") = "StackUsingLinkedList", "StackUsingLinkedList\StackUsingLinkedList.csproj", "{C9C89368-1750-49A7-B5BE-1860EDDCBD1C}"
EndProject
Project("{9A19103F-16F7-4668-BE54-9A1E7A4F7556}") = "QueueUsingLinkedList", "QueueUsingLinkedList\QueueUsingLinkedList.csproj", "{3E3E67A4-E269-4DE8-A68D-23F575FFD022}"
EndProject
Global
	GlobalSection(SolutionConfigurationPlatforms) = preSolution
		Debug|Any CPU = Debug|Any CPU
		Release|Any CPU = Release|Any CPU
	EndGlobalSection
	GlobalSection(ProjectConfigurationPlatforms) = postSolution
		{6F917608-F5C2-4ECC-87A1-E90F7CB80C44}.Debug|Any CPU.ActiveCfg = Debug|Any CPU
		{6F917608-F5C2-4ECC-87A1-E90F7CB80C44}.Debug|Any CPU.Build.0 = Debug|Any CPU
		{6F917608-F5C2-4ECC-87A1-E90F7CB80C44}.Release|Any CPU.ActiveCfg = Release|Any CPU
		{6F917608-F5C2-4ECC-87A1-E90F7CB80C44}.Release|Any CPU.Build.0 = Release|Any CPU
		{C9C89368-1750-49A7-B5BE-1860EDDCBD1C}.Debug|Any CPU.ActiveCfg = Debug|Any CPU
		{C9C89368-1750-49A7-B5BE-1860EDDCBD1C}.Debug|Any CPU.Build.0 = Debug|Any CPU
		{C9C89368-1750-49A7-B5BE-1860EDDCBD1C}.Release|Any CPU.ActiveCfg = Release|Any CPU
		{C9C89368-1750-49A7-B5BE-1860EDDCBD1C}.Release|Any CPU.Build.0 = Release|Any CPU
		{3E3E67A4-E269-4DE8-A68D-23F575FFD022}.Debug|Any CPU.ActiveCfg = Debug|Any CPU
		{3E3E67A4-E269-4DE8-A68D-23F575FFD022}.Debug|Any CPU.Build.0 = Debug|Any CPU
		{3E3E67A4-E269-4DE8-A68D-23F575FFD022}.Release|Any CPU.ActiveCfg = Release|Any CPU
		{3E3E67A4-E269-4DE8-A68D-23F575FFD022}.Release|Any CPU.Build.0 = Release|Any CPU
	EndGlobalSection
	GlobalSection(SolutionProperties) = preSolution
		HideSolutionNode = FALSE
	EndGlobalSection
	GlobalSection(ExtensibilityGlobals) = postSolution
		SolutionGuid = {7F2CFEA6-2063-4328-A0FA-FED12AD7F50A}
	EndGlobalSection
EndGlobal
